
Microsoft Visual Studio Solution File, Format Version 12.00
# Visual Studio Version 16
VisualStudioVersion = 16.0.29503.13
MinimumVisualStudioVersion = 10.0.40219.1
Project("{8BC9CEB8-8B4A-11D0-8D11-00A0C91BC942}") = "GameKrest", "GameKrest.vcxproj", "{B637D5EE-6549-4231-B4FE-E6EA58A6CFAB}"
EndProject
Global
	GlobalSection(SolutionConfigurationPlatforms) = preSolution
		Debug|x64 = Debug|x64
		Debug|x86 = Debug|x86
		Release|x64 = Release|x64
		Release|x86 = Release|x86
	EndGlobalSection
	GlobalSection(ProjectConfigurationPlatforms) = postSolution
		{B637D5EE-6549-4231-B4FE-E6EA58A6CFAB}.Debug|x64.ActiveCfg = Debug|x64
		{B637D5EE-6549-4231-B4FE-E6EA58A6CFAB}.Debug|x64.Build.0 = Debug|x64
		{B637D5EE-6549-4231-B4FE-E6EA58A6CFAB}.Debug|x86.ActiveCfg = Debug|Win32
		{B637D5EE-6549-4231-B4FE-E6EA58A6CFAB}.Debug|x86.Build.0 = Debug|Win32
		{B637D5EE-6549-4231-B4FE-E6EA58A6CFAB}.Release|x64.ActiveCfg = Release|x64
		{B637D5EE-6549-4231-B4FE-E6EA58A6CFAB}.Release|x64.Build.0 = Release|x64
		{B637D5EE-6549-4231-B4FE-E6EA58A6CFAB}.Release|x86.ActiveCfg = Release|Win32
		{B637D5EE-6549-4231-B4FE-E6EA58A6CFAB}.Release|x86.Build.0 = Release|Win32
	EndGlobalSection
	GlobalSection(SolutionProperties) = preSolution
		HideSolutionNode = FALSE
	EndGlobalSection
	GlobalSection(ExtensibilityGlobals) = postSolution
		SolutionGuid = {4FDB2409-C11A-4A39-90A7-AA72B89A78F0}
	EndGlobalSection
EndGlobal
